// !$*UTF8*$!
{
	archiveVersion = 1;
	classes = {
	};
	objectVersion = 46;
	objects = {

/* Begin PBXBuildFile section */
		A56F158E1CE51E2F0003B7C1 /* SDL2_image.framework in Frameworks */ = {isa = PBXBuildFile; fileRef = A56F158A1CE51E2F0003B7C1 /* SDL2_image.framework */; };
		A56F158F1CE51E2F0003B7C1 /* SDL2_mixer.framework in Frameworks */ = {isa = PBXBuildFile; fileRef = A56F158B1CE51E2F0003B7C1 /* SDL2_mixer.framework */; };
		A56F15901CE51E2F0003B7C1 /* SDL2_net.framework in Frameworks */ = {isa = PBXBuildFile; fileRef = A56F158C1CE51E2F0003B7C1 /* SDL2_net.framework */; };
		A56F15911CE51E2F0003B7C1 /* SDL2.framework in Frameworks */ = {isa = PBXBuildFile; fileRef = A56F158D1CE51E2F0003B7C1 /* SDL2.framework */; };
		A5FB262B1CEF067C008C3612 /* recieve.c in Sources */ = {isa = PBXBuildFile; fileRef = A5FB26081CEF067C008C3612 /* recieve.c */; };
		A5FB262C1CEF067C008C3612 /* logik.c in Sources */ = {isa = PBXBuildFile; fileRef = A5FB26091CEF067C008C3612 /* logik.c */; };
		A5FB262D1CEF067C008C3612 /* send.c in Sources */ = {isa = PBXBuildFile; fileRef = A5FB260A1CEF067C008C3612 /* send.c */; };
		A5FB262E1CEF067C008C3612 /* Button.c in Sources */ = {isa = PBXBuildFile; fileRef = A5FB260B1CEF067C008C3612 /* Button.c */; };
		A5FB262F1CEF067C008C3612 /* cardPosition.c in Sources */ = {isa = PBXBuildFile; fileRef = A5FB260E1CEF067C008C3612 /* cardPosition.c */; };
		A5FB26301CEF067C008C3612 /* game.c in Sources */ = {isa = PBXBuildFile; fileRef = A5FB26101CEF067C008C3612 /* game.c */; };
		A5FB26311CEF067C008C3612 /* loadCard.c in Sources */ = {isa = PBXBuildFile; fileRef = A5FB26131CEF067C008C3612 /* loadCard.c */; };
		A5FB26321CEF067C008C3612 /* loadMedia.c in Sources */ = {isa = PBXBuildFile; fileRef = A5FB26151CEF067C008C3612 /* loadMedia.c */; };
		A5FB26331CEF067C008C3612 /* moveCard.c in Sources */ = {isa = PBXBuildFile; fileRef = A5FB26181CEF067C008C3612 /* moveCard.c */; };
		A5FB26341CEF067C008C3612 /* openWeb.c in Sources */ = {isa = PBXBuildFile; fileRef = A5FB261A1CEF067C008C3612 /* openWeb.c */; };
		A5FB26351CEF067C008C3612 /* position.c in Sources */ = {isa = PBXBuildFile; fileRef = A5FB261C1CEF067C008C3612 /* position.c */; };
		A5FB26361CEF067C008C3612 /* rendering.c in Sources */ = {isa = PBXBuildFile; fileRef = A5FB261E1CEF067C008C3612 /* rendering.c */; };
		A5FB26371CEF067C008C3612 /* resetTurn.c in Sources */ = {isa = PBXBuildFile; fileRef = A5FB26201CEF067C008C3612 /* resetTurn.c */; };
		A5FB26381CEF067C008C3612 /* window.c in Sources */ = {isa = PBXBuildFile; fileRef = A5FB26241CEF067C008C3612 /* window.c */; };
		A5FB263B1CEF0707008C3612 /* mainClient.c in Sources */ = {isa = PBXBuildFile; fileRef = A5FB263A1CEF0707008C3612 /* mainClient.c */; };
/* End PBXBuildFile section */

/* Begin PBXCopyFilesBuildPhase section */
		A56F153B1CE4CE0D0003B7C1 /* CopyFiles */ = {
			isa = PBXCopyFilesBuildPhase;
			buildActionMask = 2147483647;
			dstPath = /usr/share/man/man1/;
			dstSubfolderSpec = 0;
			files = (
			);
			runOnlyForDeploymentPostprocessing = 1;
		};
/* End PBXCopyFilesBuildPhase section */

/* Begin PBXFileReference section */
		A56F153D1CE4CE0D0003B7C1 /* Gameklient */ = {isa = PBXFileReference; explicitFileType = "compiled.mach-o.executable"; includeInIndex = 0; path = Gameklient; sourceTree = BUILT_PRODUCTS_DIR; };
		A56F158A1CE51E2F0003B7C1 /* SDL2_image.framework */ = {isa = PBXFileReference; lastKnownFileType = wrapper.framework; name = SDL2_image.framework; path = ../../../../../Library/Frameworks/SDL2_image.framework; sourceTree = "<group>"; };
		A56F158B1CE51E2F0003B7C1 /* SDL2_mixer.framework */ = {isa = PBXFileReference; lastKnownFileType = wrapper.framework; name = SDL2_mixer.framework; path = ../../../../../Library/Frameworks/SDL2_mixer.framework; sourceTree = "<group>"; };
		A56F158C1CE51E2F0003B7C1 /* SDL2_net.framework */ = {isa = PBXFileReference; lastKnownFileType = wrapper.framework; name = SDL2_net.framework; path = ../../../../../Library/Frameworks/SDL2_net.framework; sourceTree = "<group>"; };
		A56F158D1CE51E2F0003B7C1 /* SDL2.framework */ = {isa = PBXFileReference; lastKnownFileType = wrapper.framework; name = SDL2.framework; path = ../../../../../Library/Frameworks/SDL2.framework; sourceTree = "<group>"; };
		A5FB26051CEF067C008C3612 /* cardPosition.h */ = {isa = PBXFileReference; fileEncoding = 4; lastKnownFileType = sourcecode.c.h; path = cardPosition.h; sourceTree = "<group>"; };
		A5FB26061CEF067C008C3612 /* includes.h */ = {isa = PBXFileReference; fileEncoding = 4; lastKnownFileType = sourcecode.c.h; path = includes.h; sourceTree = "<group>"; };
		A5FB26071CEF067C008C3612 /* recieve.h */ = {isa = PBXFileReference; fileEncoding = 4; lastKnownFileType = sourcecode.c.h; path = recieve.h; sourceTree = "<group>"; };
		A5FB26081CEF067C008C3612 /* recieve.c */ = {isa = PBXFileReference; fileEncoding = 4; lastKnownFileType = sourcecode.c.c; path = recieve.c; sourceTree = "<group>"; };
		A5FB26091CEF067C008C3612 /* logik.c */ = {isa = PBXFileReference; fileEncoding = 4; lastKnownFileType = sourcecode.c.c; path = logik.c; sourceTree = "<group>"; };
		A5FB260A1CEF067C008C3612 /* send.c */ = {isa = PBXFileReference; fileEncoding = 4; lastKnownFileType = sourcecode.c.c; path = send.c; sourceTree = "<group>"; };
		A5FB260B1CEF067C008C3612 /* Button.c */ = {isa = PBXFileReference; fileEncoding = 4; lastKnownFileType = sourcecode.c.c; path = Button.c; sourceTree = "<group>"; };
		A5FB260C1CEF067C008C3612 /* button.h */ = {isa = PBXFileReference; fileEncoding = 4; lastKnownFileType = sourcecode.c.h; path = button.h; sourceTree = "<group>"; };
		A5FB260D1CEF067C008C3612 /* buttonStruct.h */ = {isa = PBXFileReference; fileEncoding = 4; lastKnownFileType = sourcecode.c.h; path = buttonStruct.h; sourceTree = "<group>"; };
		A5FB260E1CEF067C008C3612 /* cardPosition.c */ = {isa = PBXFileReference; fileEncoding = 4; lastKnownFileType = sourcecode.c.c; path = cardPosition.c; sourceTree = "<group>"; };
		A5FB260F1CEF067C008C3612 /* cardStruct.h */ = {isa = PBXFileReference; fileEncoding = 4; lastKnownFileType = sourcecode.c.h; path = cardStruct.h; sourceTree = "<group>"; };
		A5FB26101CEF067C008C3612 /* game.c */ = {isa = PBXFileReference; fileEncoding = 4; lastKnownFileType = sourcecode.c.c; path = game.c; sourceTree = "<group>"; };
		A5FB26111CEF067C008C3612 /* game.h */ = {isa = PBXFileReference; fileEncoding = 4; lastKnownFileType = sourcecode.c.h; path = game.h; sourceTree = "<group>"; };
		A5FB26121CEF067C008C3612 /* libraries.h */ = {isa = PBXFileReference; fileEncoding = 4; lastKnownFileType = sourcecode.c.h; path = libraries.h; sourceTree = "<group>"; };
		A5FB26131CEF067C008C3612 /* loadCard.c */ = {isa = PBXFileReference; fileEncoding = 4; lastKnownFileType = sourcecode.c.c; path = loadCard.c; sourceTree = "<group>"; };
		A5FB26141CEF067C008C3612 /* loadCard.h */ = {isa = PBXFileReference; fileEncoding = 4; lastKnownFileType = sourcecode.c.h; path = loadCard.h; sourceTree = "<group>"; };
		A5FB26151CEF067C008C3612 /* loadMedia.c */ = {isa = PBXFileReference; fileEncoding = 4; lastKnownFileType = sourcecode.c.c; path = loadMedia.c; sourceTree = "<group>"; };
		A5FB26161CEF067C008C3612 /* loadMedia.h */ = {isa = PBXFileReference; fileEncoding = 4; lastKnownFileType = sourcecode.c.h; path = loadMedia.h; sourceTree = "<group>"; };
		A5FB26171CEF067C008C3612 /* logik.h */ = {isa = PBXFileReference; fileEncoding = 4; lastKnownFileType = sourcecode.c.h; path = logik.h; sourceTree = "<group>"; };
		A5FB26181CEF067C008C3612 /* moveCard.c */ = {isa = PBXFileReference; fileEncoding = 4; lastKnownFileType = sourcecode.c.c; path = moveCard.c; sourceTree = "<group>"; };
		A5FB26191CEF067C008C3612 /* moveCard.h */ = {isa = PBXFileReference; fileEncoding = 4; lastKnownFileType = sourcecode.c.h; path = moveCard.h; sourceTree = "<group>"; };
		A5FB261A1CEF067C008C3612 /* openWeb.c */ = {isa = PBXFileReference; fileEncoding = 4; lastKnownFileType = sourcecode.c.c; path = openWeb.c; sourceTree = "<group>"; };
		A5FB261B1CEF067C008C3612 /* openWeb.h */ = {isa = PBXFileReference; fileEncoding = 4; lastKnownFileType = sourcecode.c.h; path = openWeb.h; sourceTree = "<group>"; };
		A5FB261C1CEF067C008C3612 /* position.c */ = {isa = PBXFileReference; fileEncoding = 4; lastKnownFileType = sourcecode.c.c; path = position.c; sourceTree = "<group>"; };
		A5FB261D1CEF067C008C3612 /* position.h */ = {isa = PBXFileReference; fileEncoding = 4; lastKnownFileType = sourcecode.c.h; path = position.h; sourceTree = "<group>"; };
		A5FB261E1CEF067C008C3612 /* rendering.c */ = {isa = PBXFileReference; fileEncoding = 4; lastKnownFileType = sourcecode.c.c; path = rendering.c; sourceTree = "<group>"; };
		A5FB261F1CEF067C008C3612 /* rendering.h */ = {isa = PBXFileReference; fileEncoding = 4; lastKnownFileType = sourcecode.c.h; path = rendering.h; sourceTree = "<group>"; };
		A5FB26201CEF067C008C3612 /* resetTurn.c */ = {isa = PBXFileReference; fileEncoding = 4; lastKnownFileType = sourcecode.c.c; path = resetTurn.c; sourceTree = "<group>"; };
		A5FB26211CEF067C008C3612 /* resetTurn.h */ = {isa = PBXFileReference; fileEncoding = 4; lastKnownFileType = sourcecode.c.h; path = resetTurn.h; sourceTree = "<group>"; };
		A5FB26221CEF067C008C3612 /* resolution.h */ = {isa = PBXFileReference; fileEncoding = 4; lastKnownFileType = sourcecode.c.h; path = resolution.h; sourceTree = "<group>"; };
		A5FB26231CEF067C008C3612 /* send.h */ = {isa = PBXFileReference; fileEncoding = 4; lastKnownFileType = sourcecode.c.h; path = send.h; sourceTree = "<group>"; };
		A5FB26241CEF067C008C3612 /* window.c */ = {isa = PBXFileReference; fileEncoding = 4; lastKnownFileType = sourcecode.c.c; path = window.c; sourceTree = "<group>"; };
		A5FB26251CEF067C008C3612 /* window.h */ = {isa = PBXFileReference; fileEncoding = 4; lastKnownFileType = sourcecode.c.h; path = window.h; sourceTree = "<group>"; };
		A5FB26271CEF067C008C3612 /* CARD.png */ = {isa = PBXFileReference; lastKnownFileType = image.png; path = CARD.png; sourceTree = "<group>"; };
		A5FB26281CEF067C008C3612 /* advertisment.png */ = {isa = PBXFileReference; lastKnownFileType = image.png; path = advertisment.png; sourceTree = "<group>"; };
		A5FB26291CEF067C008C3612 /* dropzone.png */ = {isa = PBXFileReference; lastKnownFileType = image.png; path = dropzone.png; sourceTree = "<group>"; };
		A5FB262A1CEF067C008C3612 /* help.png */ = {isa = PBXFileReference; lastKnownFileType = image.png; path = help.png; sourceTree = "<group>"; };
		A5FB263A1CEF0707008C3612 /* mainClient.c */ = {isa = PBXFileReference; fileEncoding = 4; lastKnownFileType = sourcecode.c.c; path = mainClient.c; sourceTree = "<group>"; };
/* End PBXFileReference section */

/* Begin PBXFrameworksBuildPhase section */
		A56F153A1CE4CE0D0003B7C1 /* Frameworks */ = {
			isa = PBXFrameworksBuildPhase;
			buildActionMask = 2147483647;
			files = (
				A56F158E1CE51E2F0003B7C1 /* SDL2_image.framework in Frameworks */,
				A56F158F1CE51E2F0003B7C1 /* SDL2_mixer.framework in Frameworks */,
				A56F15901CE51E2F0003B7C1 /* SDL2_net.framework in Frameworks */,
				A56F15911CE51E2F0003B7C1 /* SDL2.framework in Frameworks */,
			);
			runOnlyForDeploymentPostprocessing = 0;
		};
/* End PBXFrameworksBuildPhase section */

/* Begin PBXGroup section */
		A56F15341CE4CE0D0003B7C1 = {
			isa = PBXGroup;
			children = (
				A5FB263A1CEF0707008C3612 /* mainClient.c */,
				A5FB26051CEF067C008C3612 /* cardPosition.h */,
				A5FB26061CEF067C008C3612 /* includes.h */,
				A5FB26071CEF067C008C3612 /* recieve.h */,
				A5FB26081CEF067C008C3612 /* recieve.c */,
				A5FB26091CEF067C008C3612 /* logik.c */,
				A5FB260A1CEF067C008C3612 /* send.c */,
				A5FB260B1CEF067C008C3612 /* Button.c */,
				A5FB260C1CEF067C008C3612 /* button.h */,
				A5FB260D1CEF067C008C3612 /* buttonStruct.h */,
				A5FB260E1CEF067C008C3612 /* cardPosition.c */,
				A5FB260F1CEF067C008C3612 /* cardStruct.h */,
				A5FB26101CEF067C008C3612 /* game.c */,
				A5FB26111CEF067C008C3612 /* game.h */,
				A5FB26121CEF067C008C3612 /* libraries.h */,
				A5FB26131CEF067C008C3612 /* loadCard.c */,
				A5FB26141CEF067C008C3612 /* loadCard.h */,
				A5FB26151CEF067C008C3612 /* loadMedia.c */,
				A5FB26161CEF067C008C3612 /* loadMedia.h */,
				A5FB26171CEF067C008C3612 /* logik.h */,
				A5FB26181CEF067C008C3612 /* moveCard.c */,
				A5FB26191CEF067C008C3612 /* moveCard.h */,
				A5FB261A1CEF067C008C3612 /* openWeb.c */,
				A5FB261B1CEF067C008C3612 /* openWeb.h */,
				A5FB261C1CEF067C008C3612 /* position.c */,
				A5FB261D1CEF067C008C3612 /* position.h */,
				A5FB261E1CEF067C008C3612 /* rendering.c */,
				A5FB261F1CEF067C008C3612 /* rendering.h */,
				A5FB26201CEF067C008C3612 /* resetTurn.c */,
				A5FB26211CEF067C008C3612 /* resetTurn.h */,
				A5FB26221CEF067C008C3612 /* resolution.h */,
				A5FB26231CEF067C008C3612 /* send.h */,
				A5FB26241CEF067C008C3612 /* window.c */,
				A5FB26251CEF067C008C3612 /* window.h */,
				A5FB26271CEF067C008C3612 /* CARD.png */,
				A5FB26281CEF067C008C3612 /* advertisment.png */,
				A5FB26291CEF067C008C3612 /* dropzone.png */,
				A5FB262A1CEF067C008C3612 /* help.png */,
				A56F158A1CE51E2F0003B7C1 /* SDL2_image.framework */,
				A56F158B1CE51E2F0003B7C1 /* SDL2_mixer.framework */,
				A56F158C1CE51E2F0003B7C1 /* SDL2_net.framework */,
				A56F158D1CE51E2F0003B7C1 /* SDL2.framework */,
				A56F153E1CE4CE0D0003B7C1 /* Products */,
			);
			sourceTree = "<group>";
		};
		A56F153E1CE4CE0D0003B7C1 /* Products */ = {
			isa = PBXGroup;
			children = (
				A56F153D1CE4CE0D0003B7C1 /* Gameklient */,
			);
			name = Products;
			sourceTree = "<group>";
		};
/* End PBXGroup section */

/* Begin PBXNativeTarget section */
		A56F153C1CE4CE0D0003B7C1 /* Gameklient */ = {
			isa = PBXNativeTarget;
			buildConfigurationList = A56F15441CE4CE0D0003B7C1 /* Build configuration list for PBXNativeTarget "Gameklient" */;
			buildPhases = (
				A56F15391CE4CE0D0003B7C1 /* Sources */,
				A56F153A1CE4CE0D0003B7C1 /* Frameworks */,
				A56F153B1CE4CE0D0003B7C1 /* CopyFiles */,
			);
			buildRules = (
			);
			dependencies = (
			);
			name = Gameklient;
			productName = Gameklient;
			productReference = A56F153D1CE4CE0D0003B7C1 /* Gameklient */;
			productType = "com.apple.product-type.tool";
		};
/* End PBXNativeTarget section */

/* Begin PBXProject section */
		A56F15351CE4CE0D0003B7C1 /* Project object */ = {
			isa = PBXProject;
			attributes = {
				LastUpgradeCheck = 0730;
				ORGANIZATIONNAME = "Mario Youssef";
				TargetAttributes = {
					A56F153C1CE4CE0D0003B7C1 = {
						CreatedOnToolsVersion = 7.3;
					};
				};
			};
			buildConfigurationList = A56F15381CE4CE0D0003B7C1 /* Build configuration list for PBXProject "Gameklient" */;
			compatibilityVersion = "Xcode 3.2";
			developmentRegion = English;
			hasScannedForEncodings = 0;
			knownRegions = (
				en,
			);
			mainGroup = A56F15341CE4CE0D0003B7C1;
			productRefGroup = A56F153E1CE4CE0D0003B7C1 /* Products */;
			projectDirPath = "";
			projectRoot = "";
			targets = (
				A56F153C1CE4CE0D0003B7C1 /* Gameklient */,
			);
		};
/* End PBXProject section */

/* Begin PBXSourcesBuildPhase section */
		A56F15391CE4CE0D0003B7C1 /* Sources */ = {
			isa = PBXSourcesBuildPhase;
			buildActionMask = 2147483647;
			files = (
				A5FB26331CEF067C008C3612 /* moveCard.c in Sources */,
				A5FB262C1CEF067C008C3612 /* logik.c in Sources */,
				A5FB26361CEF067C008C3612 /* rendering.c in Sources */,
				A5FB26381CEF067C008C3612 /* window.c in Sources */,
				A5FB262F1CEF067C008C3612 /* cardPosition.c in Sources */,
				A5FB26311CEF067C008C3612 /* loadCard.c in Sources */,
				A5FB26341CEF067C008C3612 /* openWeb.c in Sources */,
				A5FB262E1CEF067C008C3612 /* Button.c in Sources */,
				A5FB263B1CEF0707008C3612 /* mainClient.c in Sources */,
				A5FB26321CEF067C008C3612 /* loadMedia.c in Sources */,
				A5FB26301CEF067C008C3612 /* game.c in Sources */,
				A5FB262D1CEF067C008C3612 /* send.c in Sources */,
				A5FB262B1CEF067C008C3612 /* recieve.c in Sources */,
				A5FB26371CEF067C008C3612 /* resetTurn.c in Sources */,
				A5FB26351CEF067C008C3612 /* position.c in Sources */,
			);
			runOnlyForDeploymentPostprocessing = 0;
		};
/* End PBXSourcesBuildPhase section */

/* Begin XCBuildConfiguration section */
		A56F15421CE4CE0D0003B7C1 /* Debug */ = {
			isa = XCBuildConfiguration;
			buildSettings = {
				ALWAYS_SEARCH_USER_PATHS = NO;
				CLANG_ANALYZER_NONNULL = YES;
				CLANG_CXX_LANGUAGE_STANDARD = "gnu++0x";
				CLANG_CXX_LIBRARY = "libc++";
				CLANG_ENABLE_MODULES = YES;
				CLANG_ENABLE_OBJC_ARC = YES;
				CLANG_WARN_BOOL_CONVERSION = YES;
				CLANG_WARN_CONSTANT_CONVERSION = YES;
				CLANG_WARN_DIRECT_OBJC_ISA_USAGE = YES_ERROR;
				CLANG_WARN_EMPTY_BODY = YES;
				CLANG_WARN_ENUM_CONVERSION = YES;
				CLANG_WARN_INT_CONVERSION = YES;
				CLANG_WARN_OBJC_ROOT_CLASS = YES_ERROR;
				CLANG_WARN_UNREACHABLE_CODE = YES;
				CLANG_WARN__DUPLICATE_METHOD_MATCH = YES;
				CODE_SIGN_IDENTITY = "-";
				COPY_PHASE_STRIP = NO;
				DEBUG_INFORMATION_FORMAT = dwarf;
				ENABLE_STRICT_OBJC_MSGSEND = YES;
				ENABLE_TESTABILITY = YES;
				GCC_C_LANGUAGE_STANDARD = gnu99;
				GCC_DYNAMIC_NO_PIC = NO;
				GCC_NO_COMMON_BLOCKS = YES;
				GCC_OPTIMIZATION_LEVEL = 0;
				GCC_PREPROCESSOR_DEFINITIONS = (
					"DEBUG=1",
					"$(inherited)",
				);
				GCC_WARN_64_TO_32_BIT_CONVERSION = YES;
				GCC_WARN_ABOUT_RETURN_TYPE = YES_ERROR;
				GCC_WARN_UNDECLARED_SELECTOR = YES;
				GCC_WARN_UNINITIALIZED_AUTOS = YES_AGGRESSIVE;
				GCC_WARN_UNUSED_FUNCTION = YES;
				GCC_WARN_UNUSED_VARIABLE = YES;
				MACOSX_DEPLOYMENT_TARGET = 10.11;
				MTL_ENABLE_DEBUG_INFO = YES;
				ONLY_ACTIVE_ARCH = YES;
				SDKROOT = macosx;
			};
			name = Debug;
		};
		A56F15431CE4CE0D0003B7C1 /* Release */ = {
			isa = XCBuildConfiguration;
			buildSettings = {
				ALWAYS_SEARCH_USER_PATHS = NO;
				CLANG_ANALYZER_NONNULL = YES;
				CLANG_CXX_LANGUAGE_STANDARD = "gnu++0x";
				CLANG_CXX_LIBRARY = "libc++";
				CLANG_ENABLE_MODULES = YES;
				CLANG_ENABLE_OBJC_ARC = YES;
				CLANG_WARN_BOOL_CONVERSION = YES;
				CLANG_WARN_CONSTANT_CONVERSION = YES;
				CLANG_WARN_DIRECT_OBJC_ISA_USAGE = YES_ERROR;
				CLANG_WARN_EMPTY_BODY = YES;
				CLANG_WARN_ENUM_CONVERSION = YES;
				CLANG_WARN_INT_CONVERSION = YES;
				CLANG_WARN_OBJC_ROOT_CLASS = YES_ERROR;
				CLANG_WARN_UNREACHABLE_CODE = YES;
				CLANG_WARN__DUPLICATE_METHOD_MATCH = YES;
				CODE_SIGN_IDENTITY = "-";
				COPY_PHASE_STRIP = NO;
				DEBUG_INFORMATION_FORMAT = "dwarf-with-dsym";
				ENABLE_NS_ASSERTIONS = NO;
				ENABLE_STRICT_OBJC_MSGSEND = YES;
				GCC_C_LANGUAGE_STANDARD = gnu99;
				GCC_NO_COMMON_BLOCKS = YES;
				GCC_WARN_64_TO_32_BIT_CONVERSION = YES;
				GCC_WARN_ABOUT_RETURN_TYPE = YES_ERROR;
				GCC_WARN_UNDECLARED_SELECTOR = YES;
				GCC_WARN_UNINITIALIZED_AUTOS = YES_AGGRESSIVE;
				GCC_WARN_UNUSED_FUNCTION = YES;
				GCC_WARN_UNUSED_VARIABLE = YES;
				MACOSX_DEPLOYMENT_TARGET = 10.11;
				MTL_ENABLE_DEBUG_INFO = NO;
				SDKROOT = macosx;
			};
			name = Release;
		};
		A56F15451CE4CE0D0003B7C1 /* Debug */ = {
			isa = XCBuildConfiguration;
			buildSettings = {
				CONFIGURATION_BUILD_DIR = "/Users/MarioAdmin/Desktop/Marios\\ projekt/";
				FRAMEWORK_SEARCH_PATHS = (
					"$(inherited)",
					"$(LOCAL_LIBRARY_DIR)/Frameworks",
				);
				PRODUCT_NAME = "$(TARGET_NAME)";
			};
			name = Debug;
		};
		A56F15461CE4CE0D0003B7C1 /* Release */ = {
			isa = XCBuildConfiguration;
			buildSettings = {
				FRAMEWORK_SEARCH_PATHS = (
					"$(inherited)",
					"$(LOCAL_LIBRARY_DIR)/Frameworks",
				);
				PRODUCT_NAME = "$(TARGET_NAME)";
			};
			name = Release;
		};
/* End XCBuildConfiguration section */

/* Begin XCConfigurationList section */
		A56F15381CE4CE0D0003B7C1 /* Build configuration list for PBXProject "Gameklient" */ = {
			isa = XCConfigurationList;
			buildConfigurations = (
				A56F15421CE4CE0D0003B7C1 /* Debug */,
				A56F15431CE4CE0D0003B7C1 /* Release */,
			);
			defaultConfigurationIsVisible = 0;
			defaultConfigurationName = Release;
		};
		A56F15441CE4CE0D0003B7C1 /* Build configuration list for PBXNativeTarget "Gameklient" */ = {
			isa = XCConfigurationList;
			buildConfigurations = (
				A56F15451CE4CE0D0003B7C1 /* Debug */,
				A56F15461CE4CE0D0003B7C1 /* Release */,
			);
			defaultConfigurationIsVisible = 0;
			defaultConfigurationName = Release;
		};
/* End XCConfigurationList section */
	};
	rootObject = A56F15351CE4CE0D0003B7C1 /* Project object */;
}
