<?xml version="1.0" encoding="UTF-8" standalone="yes" ?>
<CodeBlocks_project_file>
	<FileVersion major="1" minor="6" />
	<Project>
		<Option title="projekarbete_kortspel" />
		<Option pch_mode="2" />
		<Option compiler="gcc" />
		<Build>
			<Target title="Debug">
				<Option output="bin/Debug/projekarbete_kortspel" prefix_auto="1" extension_auto="1" />
				<Option object_output="obj/Debug/" />
				<Option type="1" />
				<Option compiler="gcc" />
				<Compiler>
					<Add option="-g" />
				</Compiler>
			</Target>
			<Target title="Release">
				<Option output="bin/Release/projekarbete_kortspel" prefix_auto="1" extension_auto="1" />
				<Option object_output="obj/Release/" />
				<Option type="1" />
				<Option compiler="gcc" />
				<Compiler>
					<Add option="-O2" />
				</Compiler>
				<Linker>
					<Add option="-s" />
				</Linker>
			</Target>
		</Build>
		<Compiler>
			<Add option="-Wall" />
		</Compiler>
		<Unit filename="Button.c">
			<Option compilerVar="CC" />
		</Unit>
		<Unit filename="SDL_test.c">
			<Option compilerVar="CC" />
		</Unit>
		<Unit filename="button.h" />
		<Unit filename="buttonStruct.h" />
		<Unit filename="cardPosition.c">
			<Option compilerVar="CC" />
		</Unit>
		<Unit filename="cardPosition.h" />
		<Unit filename="cardStruct.h">
			<Option target="&lt;{~None~}&gt;" />
		</Unit>
		<Unit filename="includes.h" />
		<Unit filename="loadCard.c">
			<Option compilerVar="CC" />
		</Unit>
		<Unit filename="loadCard.h" />
		<Unit filename="loadMedia.c">
			<Option compilerVar="CC" />
		</Unit>
		<Unit filename="loadMedia.h" />
		<Unit filename="logik.c">
			<Option compilerVar="CC" />
		</Unit>
		<Unit filename="logik.h" />
		<Unit filename="moveCard.c">
			<Option compilerVar="CC" />
		</Unit>
		<Unit filename="moveCard.h" />
		<Unit filename="openWeb.c">
			<Option compilerVar="CC" />
		</Unit>
		<Unit filename="openWeb.h" />
		<Unit filename="resetTurn.c">
			<Option compilerVar="CC" />
		</Unit>
		<Unit filename="resetTurn.h" />
		<Unit filename="resolution.h">
			<Option target="&lt;{~None~}&gt;" />
		</Unit>
		<Unit filename="send.c">
			<Option compilerVar="CC" />
		</Unit>
		<Unit filename="send.h" />
		<Unit filename="window.c">
			<Option compilerVar="CC" />
		</Unit>
		<Unit filename="window.h" />
		<Extensions>
			<code_completion />
			<envvars />
			<debugger />
			<lib_finder disable_auto="1" />
		</Extensions>
	</Project>
</CodeBlocks_project_file>
